
Microsoft Visual Studio Solution File, Format Version 12.00
# Visual Studio Version 17
VisualStudioVersion = 17.14.36414.22 d17.14
MinimumVisualStudioVersion = 10.0.40219.1
Project("{FAE04EC0-301F-11D3-BF4B-00C04F79EFBC}") = "FinControl.API", "FinControl.API\FinControl.API.csproj", "{A9190D2A-0779-49D5-B460-F0C1E6B7249E}"
EndProject
Global
	GlobalSection(SolutionConfigurationPlatforms) = preSolution
		Debug|Any CPU = Debug|Any CPU
		Release|Any CPU = Release|Any CPU
	EndGlobalSection
	GlobalSection(ProjectConfigurationPlatforms) = postSolution
		{A9190D2A-0779-49D5-B460-F0C1E6B7249E}.Debug|Any CPU.ActiveCfg = Debug|Any CPU
		{A9190D2A-0779-49D5-B460-F0C1E6B7249E}.Debug|Any CPU.Build.0 = Debug|Any CPU
		{A9190D2A-0779-49D5-B460-F0C1E6B7249E}.Release|Any CPU.ActiveCfg = Release|Any CPU
		{A9190D2A-0779-49D5-B460-F0C1E6B7249E}.Release|Any CPU.Build.0 = Release|Any CPU
	EndGlobalSection
	GlobalSection(SolutionProperties) = preSolution
		HideSolutionNode = FALSE
	EndGlobalSection
	GlobalSection(ExtensibilityGlobals) = postSolution
		SolutionGuid = {6E2678CA-7682-4790-881F-719C8EEDB3CF}
	EndGlobalSection
EndGlobal
